
Microsoft Visual Studio Solution File, Format Version 12.00
# Visual Studio 14
VisualStudioVersion = 14.0.25420.1
MinimumVisualStudioVersion = 10.0.40219.1
Project("{FAE04EC0-301F-11D3-BF4B-00C04F79EFBC}") = "XamlBrewer.Uwp.AnimatedSplashScreenSample", "XamlBrewer.Uwp.AnimatedSplashScreenSample\XamlBrewer.Uwp.AnimatedSplashScreenSample.csproj", "{F7C4D0C9-4B20-4482-B87F-16091ACA5720}"
EndProject
Project("{FAE04EC0-301F-11D3-BF4B-00C04F79EFBC}") = "XamlBrewer.Uwp.AnimatedSplashScreen", "XamlBrewer.Uwp.AnimatedSplashScreen\XamlBrewer.Uwp.AnimatedSplashScreen.csproj", "{FBC8F2E9-4397-420B-BEDF-068060EF08B2}"
EndProject
Project("{2150E333-8FDC-42A3-9474-1A3956D46DE8}") = "NuGet", "NuGet", "{5BA3754C-37F2-4A90-B9D6-E3533F5CC269}"
	ProjectSection(SolutionItems) = preProject
		nuget.png = nuget.png
		XamlBrewer.Uwp.AnimatedSplashScreen.nuspec = XamlBrewer.Uwp.AnimatedSplashScreen.nuspec
	EndProjectSection
EndProject
Global
	GlobalSection(SolutionConfigurationPlatforms) = preSolution
		Debug|Any CPU = Debug|Any CPU
		Debug|ARM = Debug|ARM
		Debug|x64 = Debug|x64
		Debug|x86 = Debug|x86
		Release|Any CPU = Release|Any CPU
		Release|ARM = Release|ARM
		Release|x64 = Release|x64
		Release|x86 = Release|x86
	EndGlobalSection
	GlobalSection(ProjectConfigurationPlatforms) = postSolution
		{F7C4D0C9-4B20-4482-B87F-16091ACA5720}.Debug|Any CPU.ActiveCfg = Debug|x86
		{F7C4D0C9-4B20-4482-B87F-16091ACA5720}.Debug|ARM.ActiveCfg = Debug|ARM
		{F7C4D0C9-4B20-4482-B87F-16091ACA5720}.Debug|ARM.Build.0 = Debug|ARM
		{F7C4D0C9-4B20-4482-B87F-16091ACA5720}.Debug|ARM.Deploy.0 = Debug|ARM
		{F7C4D0C9-4B20-4482-B87F-16091ACA5720}.Debug|x64.ActiveCfg = Debug|x64
		{F7C4D0C9-4B20-4482-B87F-16091ACA5720}.Debug|x64.Build.0 = Debug|x64
		{F7C4D0C9-4B20-4482-B87F-16091ACA5720}.Debug|x64.Deploy.0 = Debug|x64
		{F7C4D0C9-4B20-4482-B87F-16091ACA5720}.Debug|x86.ActiveCfg = Debug|x86
		{F7C4D0C9-4B20-4482-B87F-16091ACA5720}.Debug|x86.Build.0 = Debug|x86
		{F7C4D0C9-4B20-4482-B87F-16091ACA5720}.Debug|x86.Deploy.0 = Debug|x86
		{F7C4D0C9-4B20-4482-B87F-16091ACA5720}.Release|Any CPU.ActiveCfg = Release|x86
		{F7C4D0C9-4B20-4482-B87F-16091ACA5720}.Release|Any CPU.Build.0 = Release|x86
		{F7C4D0C9-4B20-4482-B87F-16091ACA5720}.Release|Any CPU.Deploy.0 = Release|x86
		{F7C4D0C9-4B20-4482-B87F-16091ACA5720}.Release|ARM.ActiveCfg = Release|ARM
		{F7C4D0C9-4B20-4482-B87F-16091ACA5720}.Release|ARM.Build.0 = Release|ARM
		{F7C4D0C9-4B20-4482-B87F-16091ACA5720}.Release|ARM.Deploy.0 = Release|ARM
		{F7C4D0C9-4B20-4482-B87F-16091ACA5720}.Release|x64.ActiveCfg = Release|x64
		{F7C4D0C9-4B20-4482-B87F-16091ACA5720}.Release|x64.Build.0 = Release|x64
		{F7C4D0C9-4B20-4482-B87F-16091ACA5720}.Release|x64.Deploy.0 = Release|x64
		{F7C4D0C9-4B20-4482-B87F-16091ACA5720}.Release|x86.ActiveCfg = Release|x86
		{F7C4D0C9-4B20-4482-B87F-16091ACA5720}.Release|x86.Build.0 = Release|x86
		{F7C4D0C9-4B20-4482-B87F-16091ACA5720}.Release|x86.Deploy.0 = Release|x86
		{FBC8F2E9-4397-420B-BEDF-068060EF08B2}.Debug|Any CPU.ActiveCfg = Debug|Any CPU
		{FBC8F2E9-4397-420B-BEDF-068060EF08B2}.Debug|Any CPU.Build.0 = Debug|Any CPU
		{FBC8F2E9-4397-420B-BEDF-068060EF08B2}.Debug|ARM.ActiveCfg = Debug|ARM
		{FBC8F2E9-4397-420B-BEDF-068060EF08B2}.Debug|ARM.Build.0 = Debug|ARM
		{FBC8F2E9-4397-420B-BEDF-068060EF08B2}.Debug|x64.ActiveCfg = Debug|x64
		{FBC8F2E9-4397-420B-BEDF-068060EF08B2}.Debug|x64.Build.0 = Debug|x64
		{FBC8F2E9-4397-420B-BEDF-068060EF08B2}.Debug|x86.ActiveCfg = Debug|x86
		{FBC8F2E9-4397-420B-BEDF-068060EF08B2}.Debug|x86.Build.0 = Debug|x86
		{FBC8F2E9-4397-420B-BEDF-068060EF08B2}.Release|Any CPU.ActiveCfg = Release|Any CPU
		{FBC8F2E9-4397-420B-BEDF-068060EF08B2}.Release|Any CPU.Build.0 = Release|Any CPU
		{FBC8F2E9-4397-420B-BEDF-068060EF08B2}.Release|ARM.ActiveCfg = Release|ARM
		{FBC8F2E9-4397-420B-BEDF-068060EF08B2}.Release|ARM.Build.0 = Release|ARM
		{FBC8F2E9-4397-420B-BEDF-068060EF08B2}.Release|x64.ActiveCfg = Release|x64
		{FBC8F2E9-4397-420B-BEDF-068060EF08B2}.Release|x64.Build.0 = Release|x64
		{FBC8F2E9-4397-420B-BEDF-068060EF08B2}.Release|x86.ActiveCfg = Release|x86
		{FBC8F2E9-4397-420B-BEDF-068060EF08B2}.Release|x86.Build.0 = Release|x86
	EndGlobalSection
	GlobalSection(SolutionProperties) = preSolution
		HideSolutionNode = FALSE
	EndGlobalSection
EndGlobal
